schema: '2.0'
stages:
  load_data:
    cmd: python src/stage_01_preparation.py --config=configs/config.yaml --params=params.yaml
    deps:
    - path: configs/config.yaml
      md5: 48bb15b6a9c807a7b11617bec2ec0559
      size: 452
    - path: data/data.xml
      md5: a304afb96060aad90176268345e10355
      size: 37891850
    - path: params.yaml
      md5: 1363367fec68ad4a98e7f1f6d5a3b38e
      size: 226
    - path: src/stage_01_preparation.py
      md5: 341d29fc9e197b6150d2cdd09433ce6a
      size: 2097
    - path: src/utils/common.py
      md5: 4c3b56e24d7477c0a19d54a490a0b068
      size: 1000
    params:
      params.yaml:
        prepare.encode: utf8
        prepare.seed: 2021
        prepare.split: 0.2
    outs:
    - path: artifacts/prepared/test.tsv
      md5: 60c757f3b30604473de7fa775dfc00d9
      size: 4899778
    - path: artifacts/prepared/train.tsv
      md5: 553034c4cf40efc63c99c19fe98610d0
      size: 18986541
  featurize:
    cmd: python src/stage_02_featurization.py --config=configs/config.yaml --params=params.yaml
    deps:
    - path: artifacts/prepared/test.tsv
      md5: 60c757f3b30604473de7fa775dfc00d9
      size: 4899778
    - path: artifacts/prepared/train.tsv
      md5: 553034c4cf40efc63c99c19fe98610d0
      size: 18986541
    - path: configs/config.yaml
      md5: 48bb15b6a9c807a7b11617bec2ec0559
      size: 452
    - path: src/stage_02_featurization.py
      md5: 6504a4bf02a977437c8b6fc6fa1debef
      size: 3024
    - path: src/utils/common.py
      md5: 4c3b56e24d7477c0a19d54a490a0b068
      size: 1000
    - path: src/utils/featurize.py
      md5: 91d515f8a5c06f0d0c055c0f3b6b3125
      size: 516
    params:
      params.yaml:
        featurize.max_features: 2500
        featurize.ngrams: 2
    outs:
    - path: artifacts/features/test.pkl
      md5: f337717d4f0c42f48aab4cc73272df5c
      size: 2503262
    - path: artifacts/features/train.pkl
      md5: 785ee3adbcac719738aa4d23ec5adde9
      size: 9761370
  train:
    cmd: python src/stage_03_train.py --config=configs/config.yaml --params=params.yaml
    deps:
    - path: artifacts/features/train.pkl
      md5: 785ee3adbcac719738aa4d23ec5adde9
      size: 9761370
    - path: configs/config.yaml
      md5: 48bb15b6a9c807a7b11617bec2ec0559
      size: 452
    - path: src/stage_03_train.py
      md5: cbe4f81cabde50d52c83feae3bad8292
      size: 2269
    - path: src/utils/common.py
      md5: 4c3b56e24d7477c0a19d54a490a0b068
      size: 1000
    params:
      params.yaml:
        train.min_split: 16
        train.n_est: 100
        train.seed: 2021
    outs:
    - path: artifacts/model/model.pkl
      md5: 1ec3b0b13428b7f90111d5b44867124e
      size: 3495446
  evaluate:
    cmd: python src/stage_05_evaluate.py --config=configs/config.yaml
    deps:
    - path: artifacts/features/test.pkl
      md5: f337717d4f0c42f48aab4cc73272df5c
      size: 2503262
    - path: artifacts/model/model.pkl
      md5: 1ec3b0b13428b7f90111d5b44867124e
      size: 3495446
    - path: configs/config.yaml
      md5: 48bb15b6a9c807a7b11617bec2ec0559
      size: 452
    - path: src/stage_05_evaluate.py
      md5: b6a8fc4edf3d4c942ba36d2c4f273763
      size: 2784
    - path: src/utils/common.py
      md5: 4c3b56e24d7477c0a19d54a490a0b068
      size: 1000
    outs:
    - path: prc.json
      md5: bbf4ba1cf59d2b153305d90976f4eecf
      size: 127690
    - path: roc.json
      md5: a58da788ed51d86ba08203c10fee2008
      size: 87515
    - path: scores.json
      md5: def35367f6f218c9faaeb4459b7d1778
      size: 76
